# This file is automatically @generated by Cargo.
# It is not intended for manual editing.
version = 4

[[package]]
name = "pinocchio"
version = "0.8.4"
source = "registry+https://github.com/rust-lang/crates.io-index"
checksum = "7c33b58567c11b07749cefbb8320ac023f3387c57807aeb8e3b1262501b6e9f0"

[[package]]
name = "pinocchio-vault"
version = "0.1.0"
dependencies = [
 "pinocchio",
]
